{
  "buildHash": "fb418517355d968151d776453288d9d0",
  "jsApi": {
    "apiInstances": [
      "Scan Version",
      "Comparable Version"
    ],
    "apiAliases": {
      "src/Parse/MadlibJson.mad#MadlibDotJson": "{ bin :: Maybe String, dependencies :: Maybe (List Dependency), hooks :: Maybe (Dictionary String String), importAliases :: Maybe (Dictionary String String), madlibVersion :: Maybe String, main :: String, name :: String, version :: Version }",
      "src/Config.mad#Config": "{ exec :: String -> List String -> Wish CommandResult CommandResult, execWithConfig :: String -> List String -> CommandOptions -> Wish CommandResult CommandResult, exists :: String -> Wish {} Boolean, getBytes :: String -> Wish (Error ByteArray) (Response ByteArray), readDir :: String -> Wish Error (List String), readFile :: String -> Wish Error String, writeBytes :: String -> ByteArray -> Wish Error {}, writeFile :: String -> String -> Wish Error {} }",
      "src/Parse/Dependency.mad#Dependency": "{ description :: Maybe String, name :: String, sanitizedUrl :: String, url :: String, versionRange :: VersionRange }"
    },
    "apiInterfaces": {},
    "apiNames": {
      "parse": "String -> Wish String { bin :: Maybe String, dependencies :: Maybe (List { description :: Maybe String, name :: String, sanitizedUrl :: String, url :: String, versionRange :: VersionRange }), hooks :: Maybe (Dictionary String String), importAliases :: Maybe (Dictionary String String), madlibVersion :: Maybe String, main :: String, name :: String, version :: Version }",
      "src/Version.mad#intersection": "VersionRange -> VersionRange -> VersionRange",
      "src/Version.mad#bumpPatch": "Version -> Version",
      "load": "{ exec :: String -> List String -> Wish { exitCode :: Integer, stderr :: String, stdout :: String } { exitCode :: Integer, stderr :: String, stdout :: String }, execWithConfig :: String -> List String -> { cwd :: String, env :: Dictionary String String } -> Wish { exitCode :: Integer, stderr :: String, stdout :: String } { exitCode :: Integer, stderr :: String, stdout :: String }, exists :: String -> Wish {} Boolean, getBytes :: String -> Wish (Error ByteArray) { body :: ByteArray, headers :: List Header, status :: Integer }, readDir :: String -> Wish Error (List String), readFile :: String -> Wish Error String, writeBytes :: String -> ByteArray -> Wish Error {}, writeFile :: String -> String -> Wish Error {} } -> String -> Wish String { bin :: Maybe String, dependencies :: Maybe (List { description :: Maybe String, name :: String, sanitizedUrl :: String, url :: String, versionRange :: VersionRange }), hooks :: Maybe (Dictionary String String), importAliases :: Maybe (Dictionary String String), madlibVersion :: Maybe String, main :: String, name :: String, version :: Version }",
      "src/Version.mad#patch": "Version -> Integer",
      "src/Config.mad#defaultConfig": "{ exec :: String -> List String -> Wish { exitCode :: Integer, stderr :: String, stdout :: String } { exitCode :: Integer, stderr :: String, stdout :: String }, execWithConfig :: String -> List String -> { cwd :: String, env :: Dictionary String String } -> Wish { exitCode :: Integer, stderr :: String, stdout :: String } { exitCode :: Integer, stderr :: String, stdout :: String }, exists :: String -> Wish {} Boolean, getBytes :: String -> Wish (Error ByteArray) { body :: ByteArray, headers :: List Header, status :: Integer }, readDir :: String -> Wish Error (List String), readFile :: String -> Wish Error String, writeBytes :: String -> ByteArray -> Wish Error {}, writeFile :: String -> String -> Wish Error {} }",
      "src/Version.mad#min": "Version -> Version -> Version",
      "src/URL.mad#sanitizeUrl": "String -> String",
      "src/Parse/Dependency.mad#dependencyParser": "Parser (List { description :: Maybe String, name :: String, sanitizedUrl :: String, url :: String, versionRange :: VersionRange })",
      "src/Version.mad#max": "Version -> Version -> Version",
      "dependencyParser": "Parser (List { description :: Maybe String, name :: String, sanitizedUrl :: String, url :: String, versionRange :: VersionRange })",
      "src/Version.mad#minor": "Version -> Integer",
      "src/Parse/MadlibJson.mad#parse": "String -> Wish String { bin :: Maybe String, dependencies :: Maybe (List { description :: Maybe String, name :: String, sanitizedUrl :: String, url :: String, versionRange :: VersionRange }), hooks :: Maybe (Dictionary String String), importAliases :: Maybe (Dictionary String String), madlibVersion :: Maybe String, main :: String, name :: String, version :: Version }",
      "src/Version.mad#withinRange": "VersionRange -> Version -> Boolean",
      "src/Version.mad#major": "Version -> Integer",
      "src/Version.mad#showVersion": "Version -> String",
      "src/Version.mad#bumpMajor": "Version -> Version",
      "src/Version.mad#parse": "String -> Maybe Version",
      "src/Version.mad#bump": "Bump -> Version -> Version",
      "src/Parse/MadlibJson.mad#load": "{ exec :: String -> List String -> Wish { exitCode :: Integer, stderr :: String, stdout :: String } { exitCode :: Integer, stderr :: String, stdout :: String }, execWithConfig :: String -> List String -> { cwd :: String, env :: Dictionary String String } -> Wish { exitCode :: Integer, stderr :: String, stdout :: String } { exitCode :: Integer, stderr :: String, stdout :: String }, exists :: String -> Wish {} Boolean, getBytes :: String -> Wish (Error ByteArray) { body :: ByteArray, headers :: List Header, status :: Integer }, readDir :: String -> Wish Error (List String), readFile :: String -> Wish Error String, writeBytes :: String -> ByteArray -> Wish Error {}, writeFile :: String -> String -> Wish Error {} } -> String -> Wish String { bin :: Maybe String, dependencies :: Maybe (List { description :: Maybe String, name :: String, sanitizedUrl :: String, url :: String, versionRange :: VersionRange }), hooks :: Maybe (Dictionary String String), importAliases :: Maybe (Dictionary String String), madlibVersion :: Maybe String, main :: String, name :: String, version :: Version }",
      "src/Version.mad#createRange": "Maybe Version -> Maybe Version -> VersionRange",
      "src/Version.mad#bumpMinor": "Version -> Version"
    },
    "apiTypes": {
      "src/Version.mad#Version": [
        "Version Integer Integer Integer"
      ],
      "src/Version.mad#VersionRange": [
        "VersionRange Version Version",
        "FromVersion Version",
        "UntilVersion Version",
        "AnyVersion"
      ],
      "src/Version.mad#Bump": [
        "Major",
        "Minor",
        "Patch"
      ]
    }
  },
  "llvmApi": {
    "apiInstances": [
      "Scan Version",
      "Comparable Version"
    ],
    "apiAliases": {
      "src/Parse/MadlibJson.mad#MadlibDotJson": "{ bin :: Maybe String, dependencies :: Maybe (List Dependency), hooks :: Maybe (Dictionary String String), importAliases :: Maybe (Dictionary String String), madlibVersion :: Maybe String, main :: String, name :: String, version :: Version }",
      "src/Config.mad#Config": "{ exec :: String -> List String -> Wish CommandResult CommandResult, execWithConfig :: String -> List String -> CommandOptions -> Wish CommandResult CommandResult, exists :: String -> Wish {} Boolean, getBytes :: String -> Wish (Error ByteArray) (Response ByteArray), readDir :: String -> Wish Error (List String), readFile :: String -> Wish Error String, writeBytes :: String -> ByteArray -> Wish Error {}, writeFile :: String -> String -> Wish Error {} }",
      "src/Parse/Dependency.mad#Dependency": "{ description :: Maybe String, name :: String, sanitizedUrl :: String, url :: String, versionRange :: VersionRange }"
    },
    "apiInterfaces": {},
    "apiNames": {
      "parse": "String -> Wish String { bin :: Maybe String, dependencies :: Maybe (List { description :: Maybe String, name :: String, sanitizedUrl :: String, url :: String, versionRange :: VersionRange }), hooks :: Maybe (Dictionary String String), importAliases :: Maybe (Dictionary String String), madlibVersion :: Maybe String, main :: String, name :: String, version :: Version }",
      "src/Version.mad#intersection": "VersionRange -> VersionRange -> VersionRange",
      "src/Version.mad#bumpPatch": "Version -> Version",
      "load": "{ exec :: String -> List String -> Wish { exitCode :: Integer, stderr :: String, stdout :: String } { exitCode :: Integer, stderr :: String, stdout :: String }, execWithConfig :: String -> List String -> { cwd :: String, env :: Dictionary String String } -> Wish { exitCode :: Integer, stderr :: String, stdout :: String } { exitCode :: Integer, stderr :: String, stdout :: String }, exists :: String -> Wish {} Boolean, getBytes :: String -> Wish (Error ByteArray) { body :: ByteArray, headers :: List Header, status :: Integer }, readDir :: String -> Wish Error (List String), readFile :: String -> Wish Error String, writeBytes :: String -> ByteArray -> Wish Error {}, writeFile :: String -> String -> Wish Error {} } -> String -> Wish String { bin :: Maybe String, dependencies :: Maybe (List { description :: Maybe String, name :: String, sanitizedUrl :: String, url :: String, versionRange :: VersionRange }), hooks :: Maybe (Dictionary String String), importAliases :: Maybe (Dictionary String String), madlibVersion :: Maybe String, main :: String, name :: String, version :: Version }",
      "src/Version.mad#patch": "Version -> Integer",
      "src/Config.mad#defaultConfig": "{ exec :: String -> List String -> Wish { exitCode :: Integer, stderr :: String, stdout :: String } { exitCode :: Integer, stderr :: String, stdout :: String }, execWithConfig :: String -> List String -> { cwd :: String, env :: Dictionary String String } -> Wish { exitCode :: Integer, stderr :: String, stdout :: String } { exitCode :: Integer, stderr :: String, stdout :: String }, exists :: String -> Wish {} Boolean, getBytes :: String -> Wish (Error ByteArray) { body :: ByteArray, headers :: List Header, status :: Integer }, readDir :: String -> Wish Error (List String), readFile :: String -> Wish Error String, writeBytes :: String -> ByteArray -> Wish Error {}, writeFile :: String -> String -> Wish Error {} }",
      "src/Version.mad#min": "Version -> Version -> Version",
      "src/URL.mad#sanitizeUrl": "String -> String",
      "src/Parse/Dependency.mad#dependencyParser": "Parser (List { description :: Maybe String, name :: String, sanitizedUrl :: String, url :: String, versionRange :: VersionRange })",
      "src/Version.mad#max": "Version -> Version -> Version",
      "dependencyParser": "Parser (List { description :: Maybe String, name :: String, sanitizedUrl :: String, url :: String, versionRange :: VersionRange })",
      "src/Version.mad#minor": "Version -> Integer",
      "src/Parse/MadlibJson.mad#parse": "String -> Wish String { bin :: Maybe String, dependencies :: Maybe (List { description :: Maybe String, name :: String, sanitizedUrl :: String, url :: String, versionRange :: VersionRange }), hooks :: Maybe (Dictionary String String), importAliases :: Maybe (Dictionary String String), madlibVersion :: Maybe String, main :: String, name :: String, version :: Version }",
      "src/Version.mad#withinRange": "VersionRange -> Version -> Boolean",
      "src/Version.mad#major": "Version -> Integer",
      "src/Version.mad#showVersion": "Version -> String",
      "src/Version.mad#bumpMajor": "Version -> Version",
      "src/Version.mad#parse": "String -> Maybe Version",
      "src/Version.mad#bump": "Bump -> Version -> Version",
      "src/Parse/MadlibJson.mad#load": "{ exec :: String -> List String -> Wish { exitCode :: Integer, stderr :: String, stdout :: String } { exitCode :: Integer, stderr :: String, stdout :: String }, execWithConfig :: String -> List String -> { cwd :: String, env :: Dictionary String String } -> Wish { exitCode :: Integer, stderr :: String, stdout :: String } { exitCode :: Integer, stderr :: String, stdout :: String }, exists :: String -> Wish {} Boolean, getBytes :: String -> Wish (Error ByteArray) { body :: ByteArray, headers :: List Header, status :: Integer }, readDir :: String -> Wish Error (List String), readFile :: String -> Wish Error String, writeBytes :: String -> ByteArray -> Wish Error {}, writeFile :: String -> String -> Wish Error {} } -> String -> Wish String { bin :: Maybe String, dependencies :: Maybe (List { description :: Maybe String, name :: String, sanitizedUrl :: String, url :: String, versionRange :: VersionRange }), hooks :: Maybe (Dictionary String String), importAliases :: Maybe (Dictionary String String), madlibVersion :: Maybe String, main :: String, name :: String, version :: Version }",
      "src/Version.mad#createRange": "Maybe Version -> Maybe Version -> VersionRange",
      "src/Version.mad#bumpMinor": "Version -> Version"
    },
    "apiTypes": {
      "src/Version.mad#Version": [
        "Version Integer Integer Integer"
      ],
      "src/Version.mad#VersionRange": [
        "VersionRange Version Version",
        "FromVersion Version",
        "UntilVersion Version",
        "AnyVersion"
      ],
      "src/Version.mad#Bump": [
        "Major",
        "Minor",
        "Patch"
      ]
    }
  },
  "versionHash": "25e64aa754c310d45c1e084d574c1bb0"
}
